
Microsoft Visual Studio Solution File, Format Version 12.00
# Visual Studio Version 17
VisualStudioVersion = 17.5.002.0
MinimumVisualStudioVersion = 10.0.40219.1
Project("{2150E333-8FDC-42A3-9474-1A3956D46DE8}") = "src", "src", "{28205924-CEBC-419F-B29A-2AAAF3E07EF5}"
EndProject
Project("{9A19103F-16F7-4668-BE54-9A1E7A4F7556}") = "Demo", "src\Demo\Demo.csproj", "{EB9A2A78-1A04-4AA9-AA44-C745B00B7D85}"
EndProject
Global
	GlobalSection(SolutionConfigurationPlatforms) = preSolution
		Debug|Any CPU = Debug|Any CPU
		Release|Any CPU = Release|Any CPU
	EndGlobalSection
	GlobalSection(ProjectConfigurationPlatforms) = postSolution
		{EB9A2A78-1A04-4AA9-AA44-C745B00B7D85}.Debug|Any CPU.ActiveCfg = Debug|Any CPU
		{EB9A2A78-1A04-4AA9-AA44-C745B00B7D85}.Debug|Any CPU.Build.0 = Debug|Any CPU
		{EB9A2A78-1A04-4AA9-AA44-C745B00B7D85}.Release|Any CPU.ActiveCfg = Release|Any CPU
		{EB9A2A78-1A04-4AA9-AA44-C745B00B7D85}.Release|Any CPU.Build.0 = Release|Any CPU
	EndGlobalSection
	GlobalSection(SolutionProperties) = preSolution
		HideSolutionNode = FALSE
	EndGlobalSection
	GlobalSection(NestedProjects) = preSolution
		{EB9A2A78-1A04-4AA9-AA44-C745B00B7D85} = {28205924-CEBC-419F-B29A-2AAAF3E07EF5}
	EndGlobalSection
	GlobalSection(ExtensibilityGlobals) = postSolution
		SolutionGuid = {14659F04-D762-4F47-B516-0235D84874F1}
	EndGlobalSection
EndGlobal
